// !$*UTF8*$!
{
	archiveVersion = 1;
	classes = {
	};
	objectVersion = 46;
	objects = {

/* Begin PBXBuildFile section */
		662EC0761C7B406B00A72A9F /* AppDelegate.swift in Sources */ = {isa = PBXBuildFile; fileRef = 662EC0751C7B406B00A72A9F /* AppDelegate.swift */; };
		662EC0781C7B406B00A72A9F /* ViewController.swift in Sources */ = {isa = PBXBuildFile; fileRef = 662EC0771C7B406B00A72A9F /* ViewController.swift */; };
		662EC07B1C7B406B00A72A9F /* Main.storyboard in Resources */ = {isa = PBXBuildFile; fileRef = 662EC0791C7B406B00A72A9F /* Main.storyboard */; };
		662EC07D1C7B406B00A72A9F /* Assets.xcassets in Resources */ = {isa = PBXBuildFile; fileRef = 662EC07C1C7B406B00A72A9F /* Assets.xcassets */; };
		662EC0801C7B406B00A72A9F /* LaunchScreen.storyboard in Resources */ = {isa = PBXBuildFile; fileRef = 662EC07E1C7B406B00A72A9F /* LaunchScreen.storyboard */; };
/* End PBXBuildFile section */

/* Begin PBXFileReference section */
		662EC0721C7B406B00A72A9F /* SWPhotoPicker.app */ = {isa = PBXFileReference; explicitFileType = wrapper.application; includeInIndex = 0; path = SWPhotoPicker.app; sourceTree = BUILT_PRODUCTS_DIR; };
		662EC0751C7B406B00A72A9F /* AppDelegate.swift */ = {isa = PBXFileReference; lastKnownFileType = sourcecode.swift; path = AppDelegate.swift; sourceTree = "<group>"; };
		662EC0771C7B406B00A72A9F /* ViewController.swift */ = {isa = PBXFileReference; lastKnownFileType = sourcecode.swift; path = ViewController.swift; sourceTree = "<group>"; };
		662EC07A1C7B406B00A72A9F /* Base */ = {isa = PBXFileReference; lastKnownFileType = file.storyboard; name = Base; path = Base.lproj/Main.storyboard; sourceTree = "<group>"; };
		662EC07C1C7B406B00A72A9F /* Assets.xcassets */ = {isa = PBXFileReference; lastKnownFileType = folder.assetcatalog; path = Assets.xcassets; sourceTree = "<group>"; };
		662EC07F1C7B406B00A72A9F /* Base */ = {isa = PBXFileReference; lastKnownFileType = file.storyboard; name = Base; path = Base.lproj/LaunchScreen.storyboard; sourceTree = "<group>"; };
		662EC0811C7B406B00A72A9F /* Info.plist */ = {isa = PBXFileReference; lastKnownFileType = text.plist.xml; path = Info.plist; sourceTree = "<group>"; };
/* End PBXFileReference section */

/* Begin PBXFrameworksBuildPhase section */
		662EC06F1C7B406B00A72A9F /* Frameworks */ = {
			isa = PBXFrameworksBuildPhase;
			buildActionMask = 2147483647;
			files = (
			);
			runOnlyForDeploymentPostprocessing = 0;
		};
/* End PBXFrameworksBuildPhase section */

/* Begin PBXGroup section */
		662EC0691C7B406A00A72A9F = {
			isa = PBXGroup;
			children = (
				662EC0741C7B406B00A72A9F /* SWPhotoPicker */,
				662EC0731C7B406B00A72A9F /* Products */,
			);
			sourceTree = "<group>";
		};
		662EC0731C7B406B00A72A9F /* Products */ = {
			isa = PBXGroup;
			children = (
				662EC0721C7B406B00A72A9F /* SWPhotoPicker.app */,
			);
			name = Products;
			sourceTree = "<group>";
		};
		662EC0741C7B406B00A72A9F /* SWPhotoPicker */ = {
			isa = PBXGroup;
			children = (
				662EC0751C7B406B00A72A9F /* AppDelegate.swift */,
				662EC0771C7B406B00A72A9F /* ViewController.swift */,
				662EC0791C7B406B00A72A9F /* Main.storyboard */,
				662EC07C1C7B406B00A72A9F /* Assets.xcassets */,
				662EC07E1C7B406B00A72A9F /* LaunchScreen.storyboard */,
				662EC0811C7B406B00A72A9F /* Info.plist */,
			);
			path = SWPhotoPicker;
			sourceTree = "<group>";
		};
/* End PBXGroup section */

/* Begin PBXNativeTarget section */
		662EC0711C7B406B00A72A9F /* SWPhotoPicker */ = {
			isa = PBXNativeTarget;
			buildConfigurationList = 662EC0841C7B406B00A72A9F /* Build configuration list for PBXNativeTarget "SWPhotoPicker" */;
			buildPhases = (
				662EC06E1C7B406B00A72A9F /* Sources */,
				662EC06F1C7B406B00A72A9F /* Frameworks */,
				662EC0701C7B406B00A72A9F /* Resources */,
			);
			buildRules = (
			);
			dependencies = (
			);
			name = SWPhotoPicker;
			productName = SWPhotoPicker;
			productReference = 662EC0721C7B406B00A72A9F /* SWPhotoPicker.app */;
			productType = "com.apple.product-type.application";
		};
/* End PBXNativeTarget section */

/* Begin PBXProject section */
		662EC06A1C7B406A00A72A9F /* Project object */ = {
			isa = PBXProject;
			attributes = {
				LastSwiftUpdateCheck = 0720;
				LastUpgradeCheck = 0720;
				ORGANIZATIONNAME = SylenthWave;
				TargetAttributes = {
					662EC0711C7B406B00A72A9F = {
						CreatedOnToolsVersion = 7.2.1;
					};
				};
			};
			buildConfigurationList = 662EC06D1C7B406A00A72A9F /* Build configuration list for PBXProject "SWPhotoPicker" */;
			compatibilityVersion = "Xcode 3.2";
			developmentRegion = English;
			hasScannedForEncodings = 0;
			knownRegions = (
				en,
				Base,
			);
			mainGroup = 662EC0691C7B406A00A72A9F;
			productRefGroup = 662EC0731C7B406B00A72A9F /* Products */;
			projectDirPath = "";
			projectRoot = "";
			targets = (
				662EC0711C7B406B00A72A9F /* SWPhotoPicker */,
			);
		};
/* End PBXProject section */

/* Begin PBXResourcesBuildPhase section */
		662EC0701C7B406B00A72A9F /* Resources */ = {
			isa = PBXResourcesBuildPhase;
			buildActionMask = 2147483647;
			files = (
				662EC0801C7B406B00A72A9F /* LaunchScreen.storyboard in Resources */,
				662EC07D1C7B406B00A72A9F /* Assets.xcassets in Resources */,
				662EC07B1C7B406B00A72A9F /* Main.storyboard in Resources */,
			);
			runOnlyForDeploymentPostprocessing = 0;
		};
/* End PBXResourcesBuildPhase section */

/* Begin PBXSourcesBuildPhase section */
		662EC06E1C7B406B00A72A9F /* Sources */ = {
			isa = PBXSourcesBuildPhase;
			buildActionMask = 2147483647;
			files = (
				662EC0781C7B406B00A72A9F /* ViewController.swift in Sources */,
				662EC0761C7B406B00A72A9F /* AppDelegate.swift in Sources */,
			);
			runOnlyForDeploymentPostprocessing = 0;
		};
/* End PBXSourcesBuildPhase section */

/* Begin PBXVariantGroup section */
		662EC0791C7B406B00A72A9F /* Main.storyboard */ = {
			isa = PBXVariantGroup;
			children = (
				662EC07A1C7B406B00A72A9F /* Base */,
			);
			name = Main.storyboard;
			sourceTree = "<group>";
		};
		662EC07E1C7B406B00A72A9F /* LaunchScreen.storyboard */ = {
			isa = PBXVariantGroup;
			children = (
				662EC07F1C7B406B00A72A9F /* Base */,
			);
			name = LaunchScreen.storyboard;
			sourceTree = "<group>";
		};
/* End PBXVariantGroup section */

/* Begin XCBuildConfiguration section */
		662EC0821C7B406B00A72A9F /* Debug */ = {
			isa = XCBuildConfiguration;
			buildSettings = {
				ALWAYS_SEARCH_USER_PATHS = NO;
				CLANG_CXX_LANGUAGE_STANDARD = "gnu++0x";
				CLANG_CXX_LIBRARY = "libc++";
				CLANG_ENABLE_MODULES = YES;
				CLANG_ENABLE_OBJC_ARC = YES;
				CLANG_WARN_BOOL_CONVERSION = YES;
				CLANG_WARN_CONSTANT_CONVERSION = YES;
				CLANG_WARN_DIRECT_OBJC_ISA_USAGE = YES_ERROR;
				CLANG_WARN_EMPTY_BODY = YES;
				CLANG_WARN_ENUM_CONVERSION = YES;
				CLANG_WARN_INT_CONVERSION = YES;
				CLANG_WARN_OBJC_ROOT_CLASS = YES_ERROR;
				CLANG_WARN_UNREACHABLE_CODE = YES;
				CLANG_WARN__DUPLICATE_METHOD_MATCH = YES;
				"CODE_SIGN_IDENTITY[sdk=iphoneos*]" = "iPhone Developer";
				COPY_PHASE_STRIP = NO;
				DEBUG_INFORMATION_FORMAT = dwarf;
				ENABLE_STRICT_OBJC_MSGSEND = YES;
				ENABLE_TESTABILITY = YES;
				GCC_C_LANGUAGE_STANDARD = gnu99;
				GCC_DYNAMIC_NO_PIC = NO;
				GCC_NO_COMMON_BLOCKS = YES;
				GCC_OPTIMIZATION_LEVEL = 0;
				GCC_PREPROCESSOR_DEFINITIONS = (
					"DEBUG=1",
					"$(inherited)",
				);
				GCC_WARN_64_TO_32_BIT_CONVERSION = YES;
				GCC_WARN_ABOUT_RETURN_TYPE = YES_ERROR;
				GCC_WARN_UNDECLARED_SELECTOR = YES;
				GCC_WARN_UNINITIALIZED_AUTOS = YES_AGGRESSIVE;
				GCC_WARN_UNUSED_FUNCTION = YES;
				GCC_WARN_UNUSED_VARIABLE = YES;
				IPHONEOS_DEPLOYMENT_TARGET = 9.2;
				MTL_ENABLE_DEBUG_INFO = YES;
				ONLY_ACTIVE_ARCH = YES;
				SDKROOT = iphoneos;
				SWIFT_OPTIMIZATION_LEVEL = "-Onone";
			};
			name = Debug;
		};
		662EC0831C7B406B00A72A9F /* Release */ = {
			isa = XCBuildConfiguration;
			buildSettings = {
				ALWAYS_SEARCH_USER_PATHS = NO;
				CLANG_CXX_LANGUAGE_STANDARD = "gnu++0x";
				CLANG_CXX_LIBRARY = "libc++";
				CLANG_ENABLE_MODULES = YES;
				CLANG_ENABLE_OBJC_ARC = YES;
				CLANG_WARN_BOOL_CONVERSION = YES;
				CLANG_WARN_CONSTANT_CONVERSION = YES;
				CLANG_WARN_DIRECT_OBJC_ISA_USAGE = YES_ERROR;
				CLANG_WARN_EMPTY_BODY = YES;
				CLANG_WARN_ENUM_CONVERSION = YES;
				CLANG_WARN_INT_CONVERSION = YES;
				CLANG_WARN_OBJC_ROOT_CLASS = YES_ERROR;
				CLANG_WARN_UNREACHABLE_CODE = YES;
				CLANG_WARN__DUPLICATE_METHOD_MATCH = YES;
				"CODE_SIGN_IDENTITY[sdk=iphoneos*]" = "iPhone Developer";
				COPY_PHASE_STRIP = NO;
				DEBUG_INFORMATION_FORMAT = "dwarf-with-dsym";
				ENABLE_NS_ASSERTIONS = NO;
				ENABLE_STRICT_OBJC_MSGSEND = YES;
				GCC_C_LANGUAGE_STANDARD = gnu99;
				GCC_NO_COMMON_BLOCKS = YES;
				GCC_WARN_64_TO_32_BIT_CONVERSION = YES;
				GCC_WARN_ABOUT_RETURN_TYPE = YES_ERROR;
				GCC_WARN_UNDECLARED_SELECTOR = YES;
				GCC_WARN_UNINITIALIZED_AUTOS = YES_AGGRESSIVE;
				GCC_WARN_UNUSED_FUNCTION = YES;
				GCC_WARN_UNUSED_VARIABLE = YES;
				IPHONEOS_DEPLOYMENT_TARGET = 9.2;
				MTL_ENABLE_DEBUG_INFO = NO;
				SDKROOT = iphoneos;
				VALIDATE_PRODUCT = YES;
			};
			name = Release;
		};
		662EC0851C7B406B00A72A9F /* Debug */ = {
			isa = XCBuildConfiguration;
			buildSettings = {
				ASSETCATALOG_COMPILER_APPICON_NAME = AppIcon;
				INFOPLIST_FILE = SWPhotoPicker/Info.plist;
				LD_RUNPATH_SEARCH_PATHS = "$(inherited) @executable_path/Frameworks";
				PRODUCT_BUNDLE_IDENTIFIER = com.sylenthwave.SWPhotoPicker;
				PRODUCT_NAME = "$(TARGET_NAME)";
			};
			name = Debug;
		};
		662EC0861C7B406B00A72A9F /* Release */ = {
			isa = XCBuildConfiguration;
			buildSettings = {
				ASSETCATALOG_COMPILER_APPICON_NAME = AppIcon;
				INFOPLIST_FILE = SWPhotoPicker/Info.plist;
				LD_RUNPATH_SEARCH_PATHS = "$(inherited) @executable_path/Frameworks";
				PRODUCT_BUNDLE_IDENTIFIER = com.sylenthwave.SWPhotoPicker;
				PRODUCT_NAME = "$(TARGET_NAME)";
			};
			name = Release;
		};
/* End XCBuildConfiguration section */

/* Begin XCConfigurationList section */
		662EC06D1C7B406A00A72A9F /* Build configuration list for PBXProject "SWPhotoPicker" */ = {
			isa = XCConfigurationList;
			buildConfigurations = (
				662EC0821C7B406B00A72A9F /* Debug */,
				662EC0831C7B406B00A72A9F /* Release */,
			);
			defaultConfigurationIsVisible = 0;
			defaultConfigurationName = Release;
		};
		662EC0841C7B406B00A72A9F /* Build configuration list for PBXNativeTarget "SWPhotoPicker" */ = {
			isa = XCConfigurationList;
			buildConfigurations = (
				662EC0851C7B406B00A72A9F /* Debug */,
				662EC0861C7B406B00A72A9F /* Release */,
			);
			defaultConfigurationIsVisible = 0;
		};
/* End XCConfigurationList section */
	};
	rootObject = 662EC06A1C7B406A00A72A9F /* Project object */;
}
